
Microsoft Visual Studio Solution File, Format Version 12.00
# Visual Studio Version 17
VisualStudioVersion = 17.8.34316.72
MinimumVisualStudioVersion = 10.0.40219.1
Project("{FAE04EC0-301F-11D3-BF4B-00C04F79EFBC}") = "CodePulse.API", "CodePulse.API\CodePulse.API.csproj", "{BFF57262-F8B4-431B-B07A-9A0E20888DB5}"
EndProject
Global
	GlobalSection(SolutionConfigurationPlatforms) = preSolution
		Debug|Any CPU = Debug|Any CPU
		Release|Any CPU = Release|Any CPU
	EndGlobalSection
	GlobalSection(ProjectConfigurationPlatforms) = postSolution
		{BFF57262-F8B4-431B-B07A-9A0E20888DB5}.Debug|Any CPU.ActiveCfg = Debug|Any CPU
		{BFF57262-F8B4-431B-B07A-9A0E20888DB5}.Debug|Any CPU.Build.0 = Debug|Any CPU
		{BFF57262-F8B4-431B-B07A-9A0E20888DB5}.Release|Any CPU.ActiveCfg = Release|Any CPU
		{BFF57262-F8B4-431B-B07A-9A0E20888DB5}.Release|Any CPU.Build.0 = Release|Any CPU
	EndGlobalSection
	GlobalSection(SolutionProperties) = preSolution
		HideSolutionNode = FALSE
	EndGlobalSection
	GlobalSection(ExtensibilityGlobals) = postSolution
		SolutionGuid = {9451F703-CA67-4AC0-9ECE-C3E23DB41FA2}
	EndGlobalSection
EndGlobal
